{
    "name": "@ipota/pages",
    "version": "1.0.3",
    "lockfileVersion": 3,
    "requires": true,
    "packages": {
        "": {
            "name": "@ipota/pages",
            "version": "1.0.3",
            "dependencies": {
                "@ipota/functions": "^1.0.1",
                "@ipota/my-utils": "^1.0.1"
            },
            "devDependencies": {
                "typescript": "^5.8.0"
            }
        },
        "node_modules/@ipota/functions": {
            "version": "1.0.5",
            "resolved": "https://registry.npmjs.org/@ipota/functions/-/functions-1.0.5.tgz",
            "integrity": "sha512-o5AsSFdwmkqcydOcVqvVeZMwjwT+T0VeDy7mbTPz1kLgmBnSt+KruChs4KhDSjLlKCWbx3fkXMkWcs23F7RC2Q=="
        },
        "node_modules/@ipota/my-utils": {
            "version": "1.0.7",
            "resolved": "https://registry.npmjs.org/@ipota/my-utils/-/my-utils-1.0.7.tgz",
            "integrity": "sha512-atZyY18WdlyupXemPRHuG/G77S+6cofe1Fai5vQXaARtReD0Xqu1sy83TloRtEc3fFtwH+bwJFVBFzgu1jEiYg=="
        },
        "node_modules/typescript": {
            "version": "5.9.3",
            "resolved": "https://registry.npmjs.org/typescript/-/typescript-5.9.3.tgz",
            "integrity": "sha512-jl1vZzPDinLr9eUt3J/t7V6FgNEw9QjvBPdysz9KfQDD41fQrC2Y4vKQdiaUpFT4bXlb1RHhLpp8wtm6M5TgSw==",
            "dev": true,
            "license": "Apache-2.0",
            "bin": {
                "tsc": "bin/tsc",
                "tsserver": "bin/tsserver"
            },
            "engines": {
                "node": ">=14.17"
            }
        }
    }
}
