{
    "name": "@ipota/pages",
    "version": "1.0.2",
    "lockfileVersion": 3,
    "requires": true,
    "packages": {
        "": {
            "name": "@ipota/pages",
            "version": "1.0.2",
            "dependencies": {
                "@ipota/functions": "^1.0.1",
                "@ipota/my-utils": "^1.0.1"
            },
            "devDependencies": {
                "typescript": "^5.8.0"
            }
        },
        "node_modules/@ipota/functions": {
            "version": "1.0.1",
            "resolved": "https://registry.npmjs.org/@ipota/functions/-/functions-1.0.1.tgz",
            "integrity": "sha512-BeZIOJ0jQJqmYlOg/9aXDTNTkxTYeBQ5BE750OD/XusBIh6qD0gpI1qWAKNST03DxjvWL8EEKRFvx8f7pRlhyQ=="
        },
        "node_modules/@ipota/my-utils": {
            "version": "1.0.2",
            "resolved": "https://registry.npmjs.org/@ipota/my-utils/-/my-utils-1.0.2.tgz",
            "integrity": "sha512-SGFLtLpnjNt5k6G8j9U+GCPap4B4CBExhzkIQky0vzC2k5CIMF5iN+VmwWuyawYG5MD2nT0Q5Fzz4c7Pkfx4Mw=="
        },
        "node_modules/typescript": {
            "version": "5.9.3",
            "resolved": "https://registry.npmjs.org/typescript/-/typescript-5.9.3.tgz",
            "integrity": "sha512-jl1vZzPDinLr9eUt3J/t7V6FgNEw9QjvBPdysz9KfQDD41fQrC2Y4vKQdiaUpFT4bXlb1RHhLpp8wtm6M5TgSw==",
            "dev": true,
            "license": "Apache-2.0",
            "bin": {
                "tsc": "bin/tsc",
                "tsserver": "bin/tsserver"
            },
            "engines": {
                "node": ">=14.17"
            }
        }
    }
}
